
Microsoft Visual Studio Solution File, Format Version 12.00
# Visual Studio Version 16
VisualStudioVersion = 16.0.31702.278
MinimumVisualStudioVersion = 10.0.40219.1
Project("{9A19103F-16F7-4668-BE54-9A1E7A4F7556}") = "MongoSQL.API", "MongoSQL.API\MongoSQL.API.csproj", "{28B9DA2F-4006-45DF-87FD-52268DEBFFDB}"
EndProject
Project("{9A19103F-16F7-4668-BE54-9A1E7A4F7556}") = "MongoSQL.API.Contexts", "MongoSQL.API.Contexts\MongoSQL.API.Contexts.csproj", "{56D8E946-996F-4E8C-ACAD-09A537432A93}"
EndProject
Project("{9A19103F-16F7-4668-BE54-9A1E7A4F7556}") = "MongoSQL.API.Services", "MongoSQL.API.Services\MongoSQL.API.Services.csproj", "{CE9809F0-2BEA-45F8-B29A-8DA1691E3D45}"
EndProject
Project("{9A19103F-16F7-4668-BE54-9A1E7A4F7556}") = "MongoSQL.API.Collections", "MongoSQL.API.Collections\MongoSQL.API.Collections.csproj", "{F40386BA-18B6-443F-ACC1-8E9A1D30489E}"
EndProject
Project("{2150E333-8FDC-42A3-9474-1A3956D46DE8}") = "Solution Items", "Solution Items", "{A90FDBDF-4C38-4AEF-A2A7-BE3E36B0E188}"
	ProjectSection(SolutionItems) = preProject
		.editorconfig = .editorconfig
	EndProjectSection
EndProject
Global
	GlobalSection(SolutionConfigurationPlatforms) = preSolution
		Debug|Any CPU = Debug|Any CPU
		Release|Any CPU = Release|Any CPU
	EndGlobalSection
	GlobalSection(ProjectConfigurationPlatforms) = postSolution
		{28B9DA2F-4006-45DF-87FD-52268DEBFFDB}.Debug|Any CPU.ActiveCfg = Debug|Any CPU
		{28B9DA2F-4006-45DF-87FD-52268DEBFFDB}.Debug|Any CPU.Build.0 = Debug|Any CPU
		{28B9DA2F-4006-45DF-87FD-52268DEBFFDB}.Release|Any CPU.ActiveCfg = Release|Any CPU
		{28B9DA2F-4006-45DF-87FD-52268DEBFFDB}.Release|Any CPU.Build.0 = Release|Any CPU
		{56D8E946-996F-4E8C-ACAD-09A537432A93}.Debug|Any CPU.ActiveCfg = Debug|Any CPU
		{56D8E946-996F-4E8C-ACAD-09A537432A93}.Debug|Any CPU.Build.0 = Debug|Any CPU
		{56D8E946-996F-4E8C-ACAD-09A537432A93}.Release|Any CPU.ActiveCfg = Release|Any CPU
		{56D8E946-996F-4E8C-ACAD-09A537432A93}.Release|Any CPU.Build.0 = Release|Any CPU
		{CE9809F0-2BEA-45F8-B29A-8DA1691E3D45}.Debug|Any CPU.ActiveCfg = Debug|Any CPU
		{CE9809F0-2BEA-45F8-B29A-8DA1691E3D45}.Debug|Any CPU.Build.0 = Debug|Any CPU
		{CE9809F0-2BEA-45F8-B29A-8DA1691E3D45}.Release|Any CPU.ActiveCfg = Release|Any CPU
		{CE9809F0-2BEA-45F8-B29A-8DA1691E3D45}.Release|Any CPU.Build.0 = Release|Any CPU
		{F40386BA-18B6-443F-ACC1-8E9A1D30489E}.Debug|Any CPU.ActiveCfg = Debug|Any CPU
		{F40386BA-18B6-443F-ACC1-8E9A1D30489E}.Debug|Any CPU.Build.0 = Debug|Any CPU
		{F40386BA-18B6-443F-ACC1-8E9A1D30489E}.Release|Any CPU.ActiveCfg = Release|Any CPU
		{F40386BA-18B6-443F-ACC1-8E9A1D30489E}.Release|Any CPU.Build.0 = Release|Any CPU
	EndGlobalSection
	GlobalSection(SolutionProperties) = preSolution
		HideSolutionNode = FALSE
	EndGlobalSection
	GlobalSection(ExtensibilityGlobals) = postSolution
		SolutionGuid = {1FED7EEC-AED2-438D-88DD-C0ECC2402AE1}
	EndGlobalSection
EndGlobal
